// !$*UTF8*$!
{
	archiveVersion = 1;
	classes = {
	};
	objectVersion = 46;
	objects = {

/* Begin PBXBuildFile section */
		FB51605A19A0EA1000C13524 /* AppDelegate.swift in Sources */ = {isa = PBXBuildFile; fileRef = FB51605919A0EA1000C13524 /* AppDelegate.swift */; };
		FB51605C19A0EA1000C13524 /* MasterViewController.swift in Sources */ = {isa = PBXBuildFile; fileRef = FB51605B19A0EA1000C13524 /* MasterViewController.swift */; };
		FB51605E19A0EA1000C13524 /* DetailViewController.swift in Sources */ = {isa = PBXBuildFile; fileRef = FB51605D19A0EA1000C13524 /* DetailViewController.swift */; };
		FB51606119A0EA1000C13524 /* Main.storyboard in Resources */ = {isa = PBXBuildFile; fileRef = FB51605F19A0EA1000C13524 /* Main.storyboard */; };
		FB51606319A0EA1000C13524 /* Images.xcassets in Resources */ = {isa = PBXBuildFile; fileRef = FB51606219A0EA1000C13524 /* Images.xcassets */; };
		FB51606F19A0EA1000C13524 /* WikipediaSearcherTests.swift in Sources */ = {isa = PBXBuildFile; fileRef = FB51606E19A0EA1000C13524 /* WikipediaSearcherTests.swift */; };
		FB51607C19A0EA4500C13524 /* Searcher.swift in Sources */ = {isa = PBXBuildFile; fileRef = FB51607819A0EA4500C13524 /* Searcher.swift */; };
		FB51607D19A0EA4500C13524 /* Searcher.swift in Sources */ = {isa = PBXBuildFile; fileRef = FB51607819A0EA4500C13524 /* Searcher.swift */; };
		FB51607E19A0EA4500C13524 /* Page.swift in Sources */ = {isa = PBXBuildFile; fileRef = FB51607919A0EA4500C13524 /* Page.swift */; };
		FB51607F19A0EA4500C13524 /* Page.swift in Sources */ = {isa = PBXBuildFile; fileRef = FB51607919A0EA4500C13524 /* Page.swift */; };
		FB51608019A0EA4500C13524 /* Result.swift in Sources */ = {isa = PBXBuildFile; fileRef = FB51607A19A0EA4500C13524 /* Result.swift */; };
		FB51608119A0EA4500C13524 /* Result.swift in Sources */ = {isa = PBXBuildFile; fileRef = FB51607A19A0EA4500C13524 /* Result.swift */; };
		FB51608219A0EA4500C13524 /* JSON.swift in Sources */ = {isa = PBXBuildFile; fileRef = FB51607B19A0EA4500C13524 /* JSON.swift */; };
		FB51608319A0EA4500C13524 /* JSON.swift in Sources */ = {isa = PBXBuildFile; fileRef = FB51607B19A0EA4500C13524 /* JSON.swift */; };
/* End PBXBuildFile section */

/* Begin PBXContainerItemProxy section */
		FB51606919A0EA1000C13524 /* PBXContainerItemProxy */ = {
			isa = PBXContainerItemProxy;
			containerPortal = FB51604C19A0EA1000C13524 /* Project object */;
			proxyType = 1;
			remoteGlobalIDString = FB51605319A0EA1000C13524;
			remoteInfo = WikipediaSearcher;
		};
/* End PBXContainerItemProxy section */

/* Begin PBXFileReference section */
		FB51605419A0EA1000C13524 /* WikipediaSearcher.app */ = {isa = PBXFileReference; explicitFileType = wrapper.application; includeInIndex = 0; path = WikipediaSearcher.app; sourceTree = BUILT_PRODUCTS_DIR; };
		FB51605819A0EA1000C13524 /* Info.plist */ = {isa = PBXFileReference; lastKnownFileType = text.plist.xml; path = Info.plist; sourceTree = "<group>"; };
		FB51605919A0EA1000C13524 /* AppDelegate.swift */ = {isa = PBXFileReference; lastKnownFileType = sourcecode.swift; path = AppDelegate.swift; sourceTree = "<group>"; };
		FB51605B19A0EA1000C13524 /* MasterViewController.swift */ = {isa = PBXFileReference; lastKnownFileType = sourcecode.swift; path = MasterViewController.swift; sourceTree = "<group>"; };
		FB51605D19A0EA1000C13524 /* DetailViewController.swift */ = {isa = PBXFileReference; lastKnownFileType = sourcecode.swift; path = DetailViewController.swift; sourceTree = "<group>"; };
		FB51606019A0EA1000C13524 /* Base */ = {isa = PBXFileReference; lastKnownFileType = file.storyboard; name = Base; path = Base.lproj/Main.storyboard; sourceTree = "<group>"; };
		FB51606219A0EA1000C13524 /* Images.xcassets */ = {isa = PBXFileReference; lastKnownFileType = folder.assetcatalog; path = Images.xcassets; sourceTree = "<group>"; };
		FB51606819A0EA1000C13524 /* WikipediaSearcherTests.xctest */ = {isa = PBXFileReference; explicitFileType = wrapper.cfbundle; includeInIndex = 0; path = WikipediaSearcherTests.xctest; sourceTree = BUILT_PRODUCTS_DIR; };
		FB51606D19A0EA1000C13524 /* Info.plist */ = {isa = PBXFileReference; lastKnownFileType = text.plist.xml; path = Info.plist; sourceTree = "<group>"; };
		FB51606E19A0EA1000C13524 /* WikipediaSearcherTests.swift */ = {isa = PBXFileReference; lastKnownFileType = sourcecode.swift; path = WikipediaSearcherTests.swift; sourceTree = "<group>"; };
		FB51607819A0EA4500C13524 /* Searcher.swift */ = {isa = PBXFileReference; fileEncoding = 4; lastKnownFileType = sourcecode.swift; path = Searcher.swift; sourceTree = "<group>"; };
		FB51607919A0EA4500C13524 /* Page.swift */ = {isa = PBXFileReference; fileEncoding = 4; lastKnownFileType = sourcecode.swift; path = Page.swift; sourceTree = "<group>"; };
		FB51607A19A0EA4500C13524 /* Result.swift */ = {isa = PBXFileReference; fileEncoding = 4; lastKnownFileType = sourcecode.swift; path = Result.swift; sourceTree = "<group>"; };
		FB51607B19A0EA4500C13524 /* JSON.swift */ = {isa = PBXFileReference; fileEncoding = 4; lastKnownFileType = sourcecode.swift; path = JSON.swift; sourceTree = "<group>"; };
/* End PBXFileReference section */

/* Begin PBXFrameworksBuildPhase section */
		FB51605119A0EA1000C13524 /* Frameworks */ = {
			isa = PBXFrameworksBuildPhase;
			buildActionMask = 2147483647;
			files = (
			);
			runOnlyForDeploymentPostprocessing = 0;
		};
		FB51606519A0EA1000C13524 /* Frameworks */ = {
			isa = PBXFrameworksBuildPhase;
			buildActionMask = 2147483647;
			files = (
			);
			runOnlyForDeploymentPostprocessing = 0;
		};
/* End PBXFrameworksBuildPhase section */

/* Begin PBXGroup section */
		FB51604B19A0EA1000C13524 = {
			isa = PBXGroup;
			children = (
				FB51605619A0EA1000C13524 /* WikipediaSearcher */,
				FB51606B19A0EA1000C13524 /* WikipediaSearcherTests */,
				FB51605519A0EA1000C13524 /* Products */,
			);
			sourceTree = "<group>";
		};
		FB51605519A0EA1000C13524 /* Products */ = {
			isa = PBXGroup;
			children = (
				FB51605419A0EA1000C13524 /* WikipediaSearcher.app */,
				FB51606819A0EA1000C13524 /* WikipediaSearcherTests.xctest */,
			);
			name = Products;
			sourceTree = "<group>";
		};
		FB51605619A0EA1000C13524 /* WikipediaSearcher */ = {
			isa = PBXGroup;
			children = (
				FB51607819A0EA4500C13524 /* Searcher.swift */,
				FB51607919A0EA4500C13524 /* Page.swift */,
				FB51607A19A0EA4500C13524 /* Result.swift */,
				FB51607B19A0EA4500C13524 /* JSON.swift */,
				FB51605919A0EA1000C13524 /* AppDelegate.swift */,
				FB51605B19A0EA1000C13524 /* MasterViewController.swift */,
				FB51605D19A0EA1000C13524 /* DetailViewController.swift */,
				FB51605F19A0EA1000C13524 /* Main.storyboard */,
				FB51606219A0EA1000C13524 /* Images.xcassets */,
				FB51605719A0EA1000C13524 /* Supporting Files */,
			);
			path = WikipediaSearcher;
			sourceTree = "<group>";
		};
		FB51605719A0EA1000C13524 /* Supporting Files */ = {
			isa = PBXGroup;
			children = (
				FB51605819A0EA1000C13524 /* Info.plist */,
			);
			name = "Supporting Files";
			sourceTree = "<group>";
		};
		FB51606B19A0EA1000C13524 /* WikipediaSearcherTests */ = {
			isa = PBXGroup;
			children = (
				FB51606E19A0EA1000C13524 /* WikipediaSearcherTests.swift */,
				FB51606C19A0EA1000C13524 /* Supporting Files */,
			);
			path = WikipediaSearcherTests;
			sourceTree = "<group>";
		};
		FB51606C19A0EA1000C13524 /* Supporting Files */ = {
			isa = PBXGroup;
			children = (
				FB51606D19A0EA1000C13524 /* Info.plist */,
			);
			name = "Supporting Files";
			sourceTree = "<group>";
		};
/* End PBXGroup section */

/* Begin PBXNativeTarget section */
		FB51605319A0EA1000C13524 /* WikipediaSearcher */ = {
			isa = PBXNativeTarget;
			buildConfigurationList = FB51607219A0EA1000C13524 /* Build configuration list for PBXNativeTarget "WikipediaSearcher" */;
			buildPhases = (
				FB51605019A0EA1000C13524 /* Sources */,
				FB51605119A0EA1000C13524 /* Frameworks */,
				FB51605219A0EA1000C13524 /* Resources */,
			);
			buildRules = (
			);
			dependencies = (
			);
			name = WikipediaSearcher;
			productName = WikipediaSearcher;
			productReference = FB51605419A0EA1000C13524 /* WikipediaSearcher.app */;
			productType = "com.apple.product-type.application";
		};
		FB51606719A0EA1000C13524 /* WikipediaSearcherTests */ = {
			isa = PBXNativeTarget;
			buildConfigurationList = FB51607519A0EA1000C13524 /* Build configuration list for PBXNativeTarget "WikipediaSearcherTests" */;
			buildPhases = (
				FB51606419A0EA1000C13524 /* Sources */,
				FB51606519A0EA1000C13524 /* Frameworks */,
				FB51606619A0EA1000C13524 /* Resources */,
			);
			buildRules = (
			);
			dependencies = (
				FB51606A19A0EA1000C13524 /* PBXTargetDependency */,
			);
			name = WikipediaSearcherTests;
			productName = WikipediaSearcherTests;
			productReference = FB51606819A0EA1000C13524 /* WikipediaSearcherTests.xctest */;
			productType = "com.apple.product-type.bundle.unit-test";
		};
/* End PBXNativeTarget section */

/* Begin PBXProject section */
		FB51604C19A0EA1000C13524 /* Project object */ = {
			isa = PBXProject;
			attributes = {
				LastUpgradeCheck = 0600;
				ORGANIZATIONNAME = "Rob Napier";
				TargetAttributes = {
					FB51605319A0EA1000C13524 = {
						CreatedOnToolsVersion = 6.0;
					};
					FB51606719A0EA1000C13524 = {
						CreatedOnToolsVersion = 6.0;
						TestTargetID = FB51605319A0EA1000C13524;
					};
				};
			};
			buildConfigurationList = FB51604F19A0EA1000C13524 /* Build configuration list for PBXProject "WikipediaSearcher" */;
			compatibilityVersion = "Xcode 3.2";
			developmentRegion = English;
			hasScannedForEncodings = 0;
			knownRegions = (
				en,
				Base,
			);
			mainGroup = FB51604B19A0EA1000C13524;
			productRefGroup = FB51605519A0EA1000C13524 /* Products */;
			projectDirPath = "";
			projectRoot = "";
			targets = (
				FB51605319A0EA1000C13524 /* WikipediaSearcher */,
				FB51606719A0EA1000C13524 /* WikipediaSearcherTests */,
			);
		};
/* End PBXProject section */

/* Begin PBXResourcesBuildPhase section */
		FB51605219A0EA1000C13524 /* Resources */ = {
			isa = PBXResourcesBuildPhase;
			buildActionMask = 2147483647;
			files = (
				FB51606119A0EA1000C13524 /* Main.storyboard in Resources */,
				FB51606319A0EA1000C13524 /* Images.xcassets in Resources */,
			);
			runOnlyForDeploymentPostprocessing = 0;
		};
		FB51606619A0EA1000C13524 /* Resources */ = {
			isa = PBXResourcesBuildPhase;
			buildActionMask = 2147483647;
			files = (
			);
			runOnlyForDeploymentPostprocessing = 0;
		};
/* End PBXResourcesBuildPhase section */

/* Begin PBXSourcesBuildPhase section */
		FB51605019A0EA1000C13524 /* Sources */ = {
			isa = PBXSourcesBuildPhase;
			buildActionMask = 2147483647;
			files = (
				FB51608019A0EA4500C13524 /* Result.swift in Sources */,
				FB51608219A0EA4500C13524 /* JSON.swift in Sources */,
				FB51607E19A0EA4500C13524 /* Page.swift in Sources */,
				FB51605E19A0EA1000C13524 /* DetailViewController.swift in Sources */,
				FB51605C19A0EA1000C13524 /* MasterViewController.swift in Sources */,
				FB51607C19A0EA4500C13524 /* Searcher.swift in Sources */,
				FB51605A19A0EA1000C13524 /* AppDelegate.swift in Sources */,
			);
			runOnlyForDeploymentPostprocessing = 0;
		};
		FB51606419A0EA1000C13524 /* Sources */ = {
			isa = PBXSourcesBuildPhase;
			buildActionMask = 2147483647;
			files = (
				FB51607F19A0EA4500C13524 /* Page.swift in Sources */,
				FB51608319A0EA4500C13524 /* JSON.swift in Sources */,
				FB51607D19A0EA4500C13524 /* Searcher.swift in Sources */,
				FB51608119A0EA4500C13524 /* Result.swift in Sources */,
				FB51606F19A0EA1000C13524 /* WikipediaSearcherTests.swift in Sources */,
			);
			runOnlyForDeploymentPostprocessing = 0;
		};
/* End PBXSourcesBuildPhase section */

/* Begin PBXTargetDependency section */
		FB51606A19A0EA1000C13524 /* PBXTargetDependency */ = {
			isa = PBXTargetDependency;
			target = FB51605319A0EA1000C13524 /* WikipediaSearcher */;
			targetProxy = FB51606919A0EA1000C13524 /* PBXContainerItemProxy */;
		};
/* End PBXTargetDependency section */

/* Begin PBXVariantGroup section */
		FB51605F19A0EA1000C13524 /* Main.storyboard */ = {
			isa = PBXVariantGroup;
			children = (
				FB51606019A0EA1000C13524 /* Base */,
			);
			name = Main.storyboard;
			sourceTree = "<group>";
		};
/* End PBXVariantGroup section */

/* Begin XCBuildConfiguration section */
		FB51607019A0EA1000C13524 /* Debug */ = {
			isa = XCBuildConfiguration;
			buildSettings = {
				ALWAYS_SEARCH_USER_PATHS = NO;
				CLANG_CXX_LANGUAGE_STANDARD = "gnu++0x";
				CLANG_CXX_LIBRARY = "libc++";
				CLANG_ENABLE_MODULES = YES;
				CLANG_ENABLE_OBJC_ARC = YES;
				CLANG_WARN_BOOL_CONVERSION = YES;
				CLANG_WARN_CONSTANT_CONVERSION = YES;
				CLANG_WARN_DIRECT_OBJC_ISA_USAGE = YES_ERROR;
				CLANG_WARN_EMPTY_BODY = YES;
				CLANG_WARN_ENUM_CONVERSION = YES;
				CLANG_WARN_INT_CONVERSION = YES;
				CLANG_WARN_OBJC_ROOT_CLASS = YES_ERROR;
				CLANG_WARN_UNREACHABLE_CODE = YES;
				CLANG_WARN__DUPLICATE_METHOD_MATCH = YES;
				"CODE_SIGN_IDENTITY[sdk=iphoneos*]" = "iPhone Developer";
				COPY_PHASE_STRIP = NO;
				ENABLE_STRICT_OBJC_MSGSEND = YES;
				GCC_C_LANGUAGE_STANDARD = gnu99;
				GCC_DYNAMIC_NO_PIC = NO;
				GCC_OPTIMIZATION_LEVEL = 0;
				GCC_PREPROCESSOR_DEFINITIONS = (
					"DEBUG=1",
					"$(inherited)",
				);
				GCC_SYMBOLS_PRIVATE_EXTERN = NO;
				GCC_WARN_64_TO_32_BIT_CONVERSION = YES;
				GCC_WARN_ABOUT_RETURN_TYPE = YES_ERROR;
				GCC_WARN_UNDECLARED_SELECTOR = YES;
				GCC_WARN_UNINITIALIZED_AUTOS = YES_AGGRESSIVE;
				GCC_WARN_UNUSED_FUNCTION = YES;
				GCC_WARN_UNUSED_VARIABLE = YES;
				IPHONEOS_DEPLOYMENT_TARGET = 8.0;
				MTL_ENABLE_DEBUG_INFO = YES;
				ONLY_ACTIVE_ARCH = YES;
				SDKROOT = iphoneos;
				SWIFT_OPTIMIZATION_LEVEL = "-Onone";
				TARGETED_DEVICE_FAMILY = 2;
			};
			name = Debug;
		};
		FB51607119A0EA1000C13524 /* Release */ = {
			isa = XCBuildConfiguration;
			buildSettings = {
				ALWAYS_SEARCH_USER_PATHS = NO;
				CLANG_CXX_LANGUAGE_STANDARD = "gnu++0x";
				CLANG_CXX_LIBRARY = "libc++";
				CLANG_ENABLE_MODULES = YES;
				CLANG_ENABLE_OBJC_ARC = YES;
				CLANG_WARN_BOOL_CONVERSION = YES;
				CLANG_WARN_CONSTANT_CONVERSION = YES;
				CLANG_WARN_DIRECT_OBJC_ISA_USAGE = YES_ERROR;
				CLANG_WARN_EMPTY_BODY = YES;
				CLANG_WARN_ENUM_CONVERSION = YES;
				CLANG_WARN_INT_CONVERSION = YES;
				CLANG_WARN_OBJC_ROOT_CLASS = YES_ERROR;
				CLANG_WARN_UNREACHABLE_CODE = YES;
				CLANG_WARN__DUPLICATE_METHOD_MATCH = YES;
				"CODE_SIGN_IDENTITY[sdk=iphoneos*]" = "iPhone Developer";
				COPY_PHASE_STRIP = YES;
				ENABLE_NS_ASSERTIONS = NO;
				ENABLE_STRICT_OBJC_MSGSEND = YES;
				GCC_C_LANGUAGE_STANDARD = gnu99;
				GCC_WARN_64_TO_32_BIT_CONVERSION = YES;
				GCC_WARN_ABOUT_RETURN_TYPE = YES_ERROR;
				GCC_WARN_UNDECLARED_SELECTOR = YES;
				GCC_WARN_UNINITIALIZED_AUTOS = YES_AGGRESSIVE;
				GCC_WARN_UNUSED_FUNCTION = YES;
				GCC_WARN_UNUSED_VARIABLE = YES;
				IPHONEOS_DEPLOYMENT_TARGET = 8.0;
				MTL_ENABLE_DEBUG_INFO = NO;
				SDKROOT = iphoneos;
				TARGETED_DEVICE_FAMILY = 2;
				VALIDATE_PRODUCT = YES;
			};
			name = Release;
		};
		FB51607319A0EA1000C13524 /* Debug */ = {
			isa = XCBuildConfiguration;
			buildSettings = {
				ASSETCATALOG_COMPILER_APPICON_NAME = AppIcon;
				ASSETCATALOG_COMPILER_LAUNCHIMAGE_NAME = LaunchImage;
				INFOPLIST_FILE = WikipediaSearcher/Info.plist;
				LD_RUNPATH_SEARCH_PATHS = "$(inherited) @executable_path/Frameworks";
				PRODUCT_NAME = "$(TARGET_NAME)";
			};
			name = Debug;
		};
		FB51607419A0EA1000C13524 /* Release */ = {
			isa = XCBuildConfiguration;
			buildSettings = {
				ASSETCATALOG_COMPILER_APPICON_NAME = AppIcon;
				ASSETCATALOG_COMPILER_LAUNCHIMAGE_NAME = LaunchImage;
				INFOPLIST_FILE = WikipediaSearcher/Info.plist;
				LD_RUNPATH_SEARCH_PATHS = "$(inherited) @executable_path/Frameworks";
				PRODUCT_NAME = "$(TARGET_NAME)";
			};
			name = Release;
		};
		FB51607619A0EA1000C13524 /* Debug */ = {
			isa = XCBuildConfiguration;
			buildSettings = {
				BUNDLE_LOADER = "$(TEST_HOST)";
				FRAMEWORK_SEARCH_PATHS = (
					"$(SDKROOT)/Developer/Library/Frameworks",
					"$(inherited)",
				);
				GCC_PREPROCESSOR_DEFINITIONS = (
					"DEBUG=1",
					"$(inherited)",
				);
				INFOPLIST_FILE = WikipediaSearcherTests/Info.plist;
				LD_RUNPATH_SEARCH_PATHS = "$(inherited) @executable_path/Frameworks @loader_path/Frameworks";
				PRODUCT_NAME = "$(TARGET_NAME)";
				TEST_HOST = "$(BUILT_PRODUCTS_DIR)/WikipediaSearcher.app/WikipediaSearcher";
			};
			name = Debug;
		};
		FB51607719A0EA1000C13524 /* Release */ = {
			isa = XCBuildConfiguration;
			buildSettings = {
				BUNDLE_LOADER = "$(TEST_HOST)";
				FRAMEWORK_SEARCH_PATHS = (
					"$(SDKROOT)/Developer/Library/Frameworks",
					"$(inherited)",
				);
				INFOPLIST_FILE = WikipediaSearcherTests/Info.plist;
				LD_RUNPATH_SEARCH_PATHS = "$(inherited) @executable_path/Frameworks @loader_path/Frameworks";
				PRODUCT_NAME = "$(TARGET_NAME)";
				TEST_HOST = "$(BUILT_PRODUCTS_DIR)/WikipediaSearcher.app/WikipediaSearcher";
			};
			name = Release;
		};
/* End XCBuildConfiguration section */

/* Begin XCConfigurationList section */
		FB51604F19A0EA1000C13524 /* Build configuration list for PBXProject "WikipediaSearcher" */ = {
			isa = XCConfigurationList;
			buildConfigurations = (
				FB51607019A0EA1000C13524 /* Debug */,
				FB51607119A0EA1000C13524 /* Release */,
			);
			defaultConfigurationIsVisible = 0;
			defaultConfigurationName = Release;
		};
		FB51607219A0EA1000C13524 /* Build configuration list for PBXNativeTarget "WikipediaSearcher" */ = {
			isa = XCConfigurationList;
			buildConfigurations = (
				FB51607319A0EA1000C13524 /* Debug */,
				FB51607419A0EA1000C13524 /* Release */,
			);
			defaultConfigurationIsVisible = 0;
		};
		FB51607519A0EA1000C13524 /* Build configuration list for PBXNativeTarget "WikipediaSearcherTests" */ = {
			isa = XCConfigurationList;
			buildConfigurations = (
				FB51607619A0EA1000C13524 /* Debug */,
				FB51607719A0EA1000C13524 /* Release */,
			);
			defaultConfigurationIsVisible = 0;
		};
/* End XCConfigurationList section */
	};
	rootObject = FB51604C19A0EA1000C13524 /* Project object */;
}
